
Microsoft Visual Studio Solution File, Format Version 12.00
# Visual Studio 15
Project("{FAE04EC0-301F-11D3-BF4B-00C04F79EFBC}") = "Assembly-CSharp", "Assembly-CSharp.csproj", "{7187D0A1-7625-C659-F403-563DE471625C}"
EndProject
Project("{FAE04EC0-301F-11D3-BF4B-00C04F79EFBC}") = "Unity.XR.Interaction.Toolkit.Samples.StarterAssets", "Unity.XR.Interaction.Toolkit.Samples.StarterAssets.csproj", "{9F46932F-BC5A-8D20-FD06-7B95A9E24E94}"
EndProject
Project("{FAE04EC0-301F-11D3-BF4B-00C04F79EFBC}") = "Assembly-CSharp-Editor", "Assembly-CSharp-Editor.csproj", "{EDB64672-C4DC-935F-F4DC-E3080C17ACE8}"
EndProject
Global
	GlobalSection(SolutionConfigurationPlatforms) = preSolution
		Debug|Any CPU = Debug|Any CPU
		Release|Any CPU = Release|Any CPU
	EndGlobalSection
	GlobalSection(ProjectConfigurationPlatforms) = postSolution
		{7187D0A1-7625-C659-F403-563DE471625C}.Debug|Any CPU.ActiveCfg = Debug|Any CPU
		{7187D0A1-7625-C659-F403-563DE471625C}.Debug|Any CPU.Build.0 = Debug|Any CPU
		{7187D0A1-7625-C659-F403-563DE471625C}.Release|Any CPU.ActiveCfg = Release|Any CPU
		{7187D0A1-7625-C659-F403-563DE471625C}.Release|Any CPU.Build.0 = Release|Any CPU
		{9F46932F-BC5A-8D20-FD06-7B95A9E24E94}.Debug|Any CPU.ActiveCfg = Debug|Any CPU
		{9F46932F-BC5A-8D20-FD06-7B95A9E24E94}.Debug|Any CPU.Build.0 = Debug|Any CPU
		{9F46932F-BC5A-8D20-FD06-7B95A9E24E94}.Release|Any CPU.ActiveCfg = Release|Any CPU
		{9F46932F-BC5A-8D20-FD06-7B95A9E24E94}.Release|Any CPU.Build.0 = Release|Any CPU
		{EDB64672-C4DC-935F-F4DC-E3080C17ACE8}.Debug|Any CPU.ActiveCfg = Debug|Any CPU
		{EDB64672-C4DC-935F-F4DC-E3080C17ACE8}.Debug|Any CPU.Build.0 = Debug|Any CPU
		{EDB64672-C4DC-935F-F4DC-E3080C17ACE8}.Release|Any CPU.ActiveCfg = Release|Any CPU
		{EDB64672-C4DC-935F-F4DC-E3080C17ACE8}.Release|Any CPU.Build.0 = Release|Any CPU
	EndGlobalSection
	GlobalSection(SolutionProperties) = preSolution
		HideSolutionNode = FALSE
	EndGlobalSection
EndGlobal
